github.com/bitfocus/syso v0.0.1 h1:fq/aGSe4Jnt0MvIBuilpbkJVNtu89xJN0yTPjKRyCe0=
github.com/bitfocus/syso v0.0.1/go.mod h1:1LM4hRNugaFh2IyGCRNTxjq4ccAs3ckOJ8E4V/LnBeU=
github.com/pkg/errors v0.9.1 h1:FEBLx1zS214owpjy7qsBeixbURkuhQAwrK5UwLGTwt4=
github.com/pkg/errors v0.9.1/go.mod h1:bwawxfHBFNV+L2hUp1rHADufV3IMtnDRdf1r5NINEl0=
